
Microsoft Visual Studio Solution File, Format Version 12.00
# Visual Studio Version 16
VisualStudioVersion = 16.0.32630.194
MinimumVisualStudioVersion = 10.0.40219.1
Project("{FAE04EC0-301F-11D3-BF4B-00C04F79EFBC}") = "Fundamentals", "Fundamentals\Fundamentals.csproj", "{60EEAA83-1335-42DC-9A33-49380CC1470E}"
EndProject
Global
	GlobalSection(SolutionConfigurationPlatforms) = preSolution
		Debug|Any CPU = Debug|Any CPU
		Release|Any CPU = Release|Any CPU
	EndGlobalSection
	GlobalSection(ProjectConfigurationPlatforms) = postSolution
		{60EEAA83-1335-42DC-9A33-49380CC1470E}.Debug|Any CPU.ActiveCfg = Debug|Any CPU
		{60EEAA83-1335-42DC-9A33-49380CC1470E}.Debug|Any CPU.Build.0 = Debug|Any CPU
		{60EEAA83-1335-42DC-9A33-49380CC1470E}.Release|Any CPU.ActiveCfg = Release|Any CPU
		{60EEAA83-1335-42DC-9A33-49380CC1470E}.Release|Any CPU.Build.0 = Release|Any CPU
	EndGlobalSection
	GlobalSection(SolutionProperties) = preSolution
		HideSolutionNode = FALSE
	EndGlobalSection
	GlobalSection(ExtensibilityGlobals) = postSolution
		SolutionGuid = {F6002A69-1441-4CA7-8E58-378BD40D5017}
	EndGlobalSection
EndGlobal
